
Microsoft Visual Studio Solution File, Format Version 12.00
# Visual Studio 2015
Project("{FAE04EC0-301F-11D3-BF4B-00C04F79EFBC}") = "SportsBallV2.CSharp.Plugins", "SportsBallV2.CSharp.Plugins.csproj", "{56CDE13B-5900-9B11-ACA3-CC364A7296C7}"
EndProject
Project("{FAE04EC0-301F-11D3-BF4B-00C04F79EFBC}") = "SportsBallV2.CSharp", "SportsBallV2.CSharp.csproj", "{B9ACB4FB-21F9-D547-14D9-B41CAB7061CC}"
EndProject
Project("{FAE04EC0-301F-11D3-BF4B-00C04F79EFBC}") = "SportsBallV2.CSharp.Editor", "SportsBallV2.CSharp.Editor.csproj", "{EAD1543C-181B-CB9E-14BC-94E6DBDC76B5}"
EndProject
Global
	GlobalSection(SolutionConfigurationPlatforms) = preSolution
		Debug|Any CPU = Debug|Any CPU
		Release|Any CPU = Release|Any CPU
	EndGlobalSection
	GlobalSection(ProjectConfigurationPlatforms) = postSolution
		{56CDE13B-5900-9B11-ACA3-CC364A7296C7}.Debug|Any CPU.ActiveCfg = Debug|Any CPU
		{56CDE13B-5900-9B11-ACA3-CC364A7296C7}.Debug|Any CPU.Build.0 = Debug|Any CPU
		{56CDE13B-5900-9B11-ACA3-CC364A7296C7}.Release|Any CPU.ActiveCfg = Release|Any CPU
		{56CDE13B-5900-9B11-ACA3-CC364A7296C7}.Release|Any CPU.Build.0 = Release|Any CPU
		{B9ACB4FB-21F9-D547-14D9-B41CAB7061CC}.Debug|Any CPU.ActiveCfg = Debug|Any CPU
		{B9ACB4FB-21F9-D547-14D9-B41CAB7061CC}.Debug|Any CPU.Build.0 = Debug|Any CPU
		{B9ACB4FB-21F9-D547-14D9-B41CAB7061CC}.Release|Any CPU.ActiveCfg = Release|Any CPU
		{B9ACB4FB-21F9-D547-14D9-B41CAB7061CC}.Release|Any CPU.Build.0 = Release|Any CPU
		{EAD1543C-181B-CB9E-14BC-94E6DBDC76B5}.Debug|Any CPU.ActiveCfg = Debug|Any CPU
		{EAD1543C-181B-CB9E-14BC-94E6DBDC76B5}.Debug|Any CPU.Build.0 = Debug|Any CPU
		{EAD1543C-181B-CB9E-14BC-94E6DBDC76B5}.Release|Any CPU.ActiveCfg = Release|Any CPU
		{EAD1543C-181B-CB9E-14BC-94E6DBDC76B5}.Release|Any CPU.Build.0 = Release|Any CPU
	EndGlobalSection
	GlobalSection(SolutionProperties) = preSolution
		HideSolutionNode = FALSE
	EndGlobalSection
EndGlobal
